
Microsoft Visual Studio Solution File, Format Version 12.00
# Visual Studio Version 16
VisualStudioVersion = 16.0.31321.278
MinimumVisualStudioVersion = 10.0.40219.1
Project("{FAE04EC0-301F-11D3-BF4B-00C04F79EFBC}") = "MatrixLibrary", "MatrixLibrary\MatrixLibrary.csproj", "{53277EFC-FED0-4B92-BC80-09E524569C82}"
EndProject
Global
	GlobalSection(SolutionConfigurationPlatforms) = preSolution
		Debug|Any CPU = Debug|Any CPU
		Release|Any CPU = Release|Any CPU
	EndGlobalSection
	GlobalSection(ProjectConfigurationPlatforms) = postSolution
		{53277EFC-FED0-4B92-BC80-09E524569C82}.Debug|Any CPU.ActiveCfg = Debug|Any CPU
		{53277EFC-FED0-4B92-BC80-09E524569C82}.Debug|Any CPU.Build.0 = Debug|Any CPU
		{53277EFC-FED0-4B92-BC80-09E524569C82}.Release|Any CPU.ActiveCfg = Release|Any CPU
		{53277EFC-FED0-4B92-BC80-09E524569C82}.Release|Any CPU.Build.0 = Release|Any CPU
	EndGlobalSection
	GlobalSection(SolutionProperties) = preSolution
		HideSolutionNode = FALSE
	EndGlobalSection
	GlobalSection(ExtensibilityGlobals) = postSolution
		SolutionGuid = {735FBAD7-C0BA-4246-9CA8-0D0571BFE5C0}
	EndGlobalSection
EndGlobal
